{
  "version": 4,
  "terraform_version": "1.14.6",
  "serial": 12,
  "lineage": "c5306134-0960-6eda-399b-fe539ad9968a",
  "outputs": {
    "public_ip": {
      "value": "13.39.25.165",
      "type": "string"
    },
    "ssh_command": {
      "value": "ssh -i ~/.ssh/id_rsa ec2-user@13.39.25.165",
      "type": "string"
    }
  },
  "resources": [
    {
      "mode": "managed",
      "type": "aws_instance",
      "name": "tp_instance",
      "provider": "provider[\"registry.terraform.io/hashicorp/aws\"]",
      "instances": [
        {
          "schema_version": 2,
          "attributes": {
            "ami": "ami-00d73b8937cc56758",
            "arn": "arn:aws:ec2:eu-west-3:418295718544:instance/i-0d45053ac954c16ef",
            "associate_public_ip_address": true,
            "availability_zone": "eu-west-3c",
            "capacity_reservation_specification": [
              {
                "capacity_reservation_preference": "open",
                "capacity_reservation_target": []
              }
            ],
            "cpu_options": [
              {
                "amd_sev_snp": "",
                "core_count": 1,
                "nested_virtualization": "",
                "threads_per_core": 2
              }
            ],
            "credit_specification": [
              {
                "cpu_credits": "unlimited"
              }
            ],
            "disable_api_stop": false,
            "disable_api_termination": false,
            "ebs_block_device": [],
            "ebs_optimized": false,
            "enable_primary_ipv6": null,
            "enclave_options": [
              {
                "enabled": false
              }
            ],
            "ephemeral_block_device": [],
            "force_destroy": false,
            "get_password_data": false,
            "hibernation": false,
            "host_id": "",
            "host_resource_group_arn": null,
            "iam_instance_profile": "",
            "id": "i-0d45053ac954c16ef",
            "instance_initiated_shutdown_behavior": "stop",
            "instance_lifecycle": "",
            "instance_market_options": [],
            "instance_state": "running",
            "instance_type": "t3.micro",
            "ipv6_address_count": 0,
            "ipv6_addresses": [],
            "key_name": "tp-devsecops-terraform",
            "launch_template": [],
            "maintenance_options": [
              {
                "auto_recovery": "default"
              }
            ],
            "metadata_options": [
              {
                "http_endpoint": "enabled",
                "http_protocol_ipv6": "disabled",
                "http_put_response_hop_limit": 2,
                "http_tokens": "required",
                "instance_metadata_tags": "disabled"
              }
            ],
            "monitoring": false,
            "network_interface": [],
            "outpost_arn": "",
            "password_data": "",
            "placement_group": "",
            "placement_group_id": "",
            "placement_partition_number": 0,
            "primary_network_interface": [
              {
                "delete_on_termination": true,
                "network_interface_id": "eni-0dd84f3332cf13486"
              }
            ],
            "primary_network_interface_id": "eni-0dd84f3332cf13486",
            "private_dns": "ip-172-31-38-21.eu-west-3.compute.internal",
            "private_dns_name_options": [
              {
                "enable_resource_name_dns_a_record": false,
                "enable_resource_name_dns_aaaa_record": false,
                "hostname_type": "ip-name"
              }
            ],
            "private_ip": "172.31.38.21",
            "public_dns": "ec2-13-39-25-165.eu-west-3.compute.amazonaws.com",
            "public_ip": "13.39.25.165",
            "region": "eu-west-3",
            "root_block_device": [
              {
                "delete_on_termination": true,
                "device_name": "/dev/xvda",
                "encrypted": true,
                "iops": 3000,
                "kms_key_id": "arn:aws:kms:eu-west-3:418295718544:key/c2c559ec-bea5-46ed-8689-7a9c8403086c",
                "tags": null,
                "tags_all": {},
                "throughput": 125,
                "volume_id": "vol-03e2037cdd5da6d89",
                "volume_size": 32,
                "volume_type": "gp3"
              }
            ],
            "secondary_network_interface": [],
            "secondary_private_ips": [],
            "security_groups": [
              "web-and-ssh-terraform"
            ],
            "source_dest_check": true,
            "spot_instance_request_id": "",
            "subnet_id": "subnet-010cf9b481b54cf42",
            "tags": {
              "Environment": "student",
              "ManagedBy": "terraform",
              "Name": "DevSecOps-TP"
            },
            "tags_all": {
              "Environment": "student",
              "ManagedBy": "terraform",
              "Name": "DevSecOps-TP"
            },
            "tenancy": "default",
            "timeouts": null,
            "user_data": null,
            "user_data_base64": null,
            "user_data_replace_on_change": false,
            "volume_tags": null,
            "vpc_security_group_ids": [
              "sg-08ba11f3784971c71"
            ]
          },
          "sensitive_attributes": [],
          "identity_schema_version": 0,
          "identity": {
            "account_id": "418295718544",
            "id": "i-0d45053ac954c16ef",
            "region": "eu-west-3"
          },
          "private": "eyJlMmJmYjczMC1lY2FhLTExZTYtOGY4OC0zNDM2M2JjN2M0YzAiOnsiY3JlYXRlIjo2MDAwMDAwMDAwMDAsImRlbGV0ZSI6MTIwMDAwMDAwMDAwMCwicmVhZCI6OTAwMDAwMDAwMDAwLCJ1cGRhdGUiOjYwMDAwMDAwMDAwMH0sInNjaGVtYV92ZXJzaW9uIjoiMiJ9",
          "dependencies": [
            "aws_key_pair.deployer",
            "aws_security_group.web_and_ssh"
          ]
        }
      ]
    },
    {
      "mode": "managed",
      "type": "aws_key_pair",
      "name": "deployer",
      "provider": "provider[\"registry.terraform.io/hashicorp/aws\"]",
      "instances": [
        {
          "schema_version": 1,
          "attributes": {
            "arn": "arn:aws:ec2:eu-west-3:418295718544:key-pair/tp-devsecops-terraform",
            "fingerprint": "75:13:38:ec:b4:83:42:32:b2:21:96:aa:7f:39:c2:7f",
            "id": "tp-devsecops-terraform",
            "key_name": "tp-devsecops-terraform",
            "key_name_prefix": "",
            "key_pair_id": "key-016216ed30294e0b6",
            "key_type": "rsa",
            "public_key": "ssh-rsa AAAAB3NzaC1yc2EAAAADAQABAAACAQDQqIp2/wNcSE9vNUkVI3ArHZ8u0WO56q6Vp+aCkmNfqxXp3w9VjyA2c3WdhxV9w7zBSN03/d5yqcSDys/fWkdAdRoUESwpplpCiVwwDSFX23cyvi1qTTa5IYwxbnYkTgqgtoPTeIZK/wZR0CD2VY/tG8RbFfJhz+xM3NZRybLAxCi63ND41hmatNo7ZOSL1s79xTb+6pr8/ZPw3A1w/fW3DgSxkCKbuWJmVywdv92admew0QAk5xZlquLN/K5FqJaXbv6W4eCrPPolH3gmzh8bNBJ54qJythyTjf47bn9Mj/cVUgV1bvMZ+wGy9dOgV0ZnRvRs+nbVIELWsJ8lR0V/zBobtYEkEp8zSDUm8sZohSMXXNc8Hrnlxe+JGMWSV3d3RKPOUGi8H2Psz7eIQeu97g4fYKJjDFeJ4/85gF511ojBb4YMzybNkUtRlnBL7mazAqnRDTlTfM7Ct6ZEkSE9V5yTCIOkT2i6bAUTQROgW8wZHl8/VucdY54DeTUF57ZhYRkJj04qDYPjcx4COMsl8FJXI6ybv92uq+LFl70e7p/OGe0BQrxGqC2KezOLeSymGhg0epjwP3dnOAINeCzifPwhD/shFykhEi89cv/6BQkJMOTRbIt4JbVPd/Vn9jINdg0h8gOQh1Sz28lCCGJ5XsZV+r4GL7SxZVSl5Y4Maw== joyboy@joyboy-Nitro-ANV15-41",
            "region": "eu-west-3",
            "tags": null,
            "tags_all": {}
          },
          "sensitive_attributes": [],
          "identity_schema_version": 0,
          "private": "eyJzY2hlbWFfdmVyc2lvbiI6IjEifQ=="
        }
      ]
    },
    {
      "mode": "managed",
      "type": "aws_security_group",
      "name": "web_and_ssh",
      "provider": "provider[\"registry.terraform.io/hashicorp/aws\"]",
      "instances": [
        {
          "schema_version": 1,
          "attributes": {
            "arn": "arn:aws:ec2:eu-west-3:418295718544:security-group/sg-08ba11f3784971c71",
            "description": "SSH restreint + HTTP + HTTPS",
            "egress": [
              {
                "cidr_blocks": [
                  "0.0.0.0/0"
                ],
                "description": "",
                "from_port": 0,
                "ipv6_cidr_blocks": [],
                "prefix_list_ids": [],
                "protocol": "-1",
                "security_groups": [],
                "self": false,
                "to_port": 0
              }
            ],
            "id": "sg-08ba11f3784971c71",
            "ingress": [
              {
                "cidr_blocks": [
                  "0.0.0.0/0"
                ],
                "description": "HTTP",
                "from_port": 80,
                "ipv6_cidr_blocks": [],
                "prefix_list_ids": [],
                "protocol": "tcp",
                "security_groups": [],
                "self": false,
                "to_port": 80
              },
              {
                "cidr_blocks": [
                  "0.0.0.0/0"
                ],
                "description": "HTTPS",
                "from_port": 443,
                "ipv6_cidr_blocks": [],
                "prefix_list_ids": [],
                "protocol": "tcp",
                "security_groups": [],
                "self": false,
                "to_port": 443
              },
              {
                "cidr_blocks": [
                  "163.5.3.69/32"
                ],
                "description": "SSH",
                "from_port": 22,
                "ipv6_cidr_blocks": [],
                "prefix_list_ids": [],
                "protocol": "tcp",
                "security_groups": [],
                "self": false,
                "to_port": 22
              }
            ],
            "name": "web-and-ssh-terraform",
            "name_prefix": "",
            "owner_id": "418295718544",
            "region": "eu-west-3",
            "revoke_rules_on_delete": false,
            "tags": null,
            "tags_all": {},
            "timeouts": null,
            "vpc_id": "vpc-026dbd745b9be535f"
          },
          "sensitive_attributes": [],
          "identity_schema_version": 0,
          "identity": {
            "account_id": "418295718544",
            "id": "sg-08ba11f3784971c71",
            "region": "eu-west-3"
          },
          "private": "eyJlMmJmYjczMC1lY2FhLTExZTYtOGY4OC0zNDM2M2JjN2M0YzAiOnsiY3JlYXRlIjo2MDAwMDAwMDAwMDAsImRlbGV0ZSI6OTAwMDAwMDAwMDAwfSwic2NoZW1hX3ZlcnNpb24iOiIxIn0="
        }
      ]
    }
  ],
  "check_results": null
}
